
Microsoft Visual Studio Solution File, Format Version 12.00
# Visual Studio Version 16
VisualStudioVersion = 16.0.30503.244
MinimumVisualStudioVersion = 10.0.40219.1
Project("{FAE04EC0-301F-11D3-BF4B-00C04F79EFBC}") = "VuelaLibre", "VuelaLibre\VuelaLibre.csproj", "{CD7075CC-E2E8-471F-A1B3-A44264B945B5}"
EndProject
Global
	GlobalSection(SolutionConfigurationPlatforms) = preSolution
		Debug|Any CPU = Debug|Any CPU
		Release|Any CPU = Release|Any CPU
	EndGlobalSection
	GlobalSection(ProjectConfigurationPlatforms) = postSolution
		{CD7075CC-E2E8-471F-A1B3-A44264B945B5}.Debug|Any CPU.ActiveCfg = Debug|Any CPU
		{CD7075CC-E2E8-471F-A1B3-A44264B945B5}.Debug|Any CPU.Build.0 = Debug|Any CPU
		{CD7075CC-E2E8-471F-A1B3-A44264B945B5}.Release|Any CPU.ActiveCfg = Release|Any CPU
		{CD7075CC-E2E8-471F-A1B3-A44264B945B5}.Release|Any CPU.Build.0 = Release|Any CPU
	EndGlobalSection
	GlobalSection(SolutionProperties) = preSolution
		HideSolutionNode = FALSE
	EndGlobalSection
	GlobalSection(ExtensibilityGlobals) = postSolution
		SolutionGuid = {CD90FED6-7E79-4A85-82ED-6218EFF0F817}
	EndGlobalSection
EndGlobal
